lockfileVersion: '9.0'

settings:
  autoInstallPeers: true
  excludeLinksFromLockfile: false

importers:

  .:
    devDependencies:
      turbo:
        specifier: ^2.8.12-canary.1
        version: 2.8.12-canary.1

  apps/app-a:
    dependencies:
      pkg-a:
        specifier: workspace:*
        version: link:../../packages/pkg-a

  apps/app-b:
    dependencies:
      pkg-a:
        specifier: workspace:*
        version: link:../../packages/pkg-a
      uuid:
        specifier: ^11.0.0
        version: 11.1.0

  packages/pkg-a:
    devDependencies:
      uuid:
        specifier: ^11.0.0
        version: 11.1.0

packages:

  turbo-darwin-64@2.8.12-canary.1:
    resolution: {integrity: sha512-rwAHYyXnTaOxmMvCFZrxl2yvMMpdjRsQMpS2z4m/dwWiD/hE+B558cY85SXJLX8pe45Mv9a4ItMTJzOzOJjzvg==}
    cpu: [x64]
    os: [darwin]

  turbo-darwin-arm64@2.8.12-canary.1:
    resolution: {integrity: sha512-3xdT0kEMnjQjUf0SPtFheppVIo3U/l3uerenLHv98QYFVjCktPrUXsmifsYVCWGQMkTeYviAZy+IdvGBCC12ZA==}
    cpu: [arm64]
    os: [darwin]

  turbo-linux-64@2.8.12-canary.1:
    resolution: {integrity: sha512-ycOUkV2pflivY5PoAWMmogmGxbWOZgV7e/MLSmchkNIoKGjTk5dO1GD88qplUbwtbbmPOHob2g9KCGpeHwcPEg==}
    cpu: [x64]
    os: [linux]

  turbo-linux-arm64@2.8.12-canary.1:
    resolution: {integrity: sha512-NIcrldj3BM8HHL/R1Dk2/pnOba4sOir2qPBX6g/AsZJw2Tk6Vgs/vs4l2pQ81BuPASq3uXyZAe4fxuNFrZ2uJw==}
    cpu: [arm64]
    os: [linux]

  turbo-windows-64@2.8.12-canary.1:
    resolution: {integrity: sha512-RyV2KvwjJi4pkFqjNREj2n8fHKE7Lgz0wOLQvFQM8TSKoaFa6lJPvXPW1wgKK3P4DY6k+LQ+q5MM/+jfkHT9rg==}
    cpu: [x64]
    os: [win32]

  turbo-windows-arm64@2.8.12-canary.1:
    resolution: {integrity: sha512-KsAqWB7/FqnehRYCJleo7pJynCfnzhpKDpILNGlmB2vzlGslMyapcH+HugiyCFGjzFYVXy6E9Jkt4PyEzt307w==}
    cpu: [arm64]
    os: [win32]

  turbo@2.8.12-canary.1:
    resolution: {integrity: sha512-1u7wI2NrDzwDsG242Hkv2P4E0zXTaboCEyuSPsapFPplld1aho1Y3mwWkJ16+JRwsHwYnpXxCOYso3jly7rFdg==}
    hasBin: true

  uuid@11.1.0:
    resolution: {integrity: sha512-0/A9rDy9P7cJ+8w1c9WD9V//9Wj15Ce2MPz8Ri6032usz+NfePxx5AcN3bN+r6ZL6jEo066/yNYB3tn4pQEx+A==}
    hasBin: true

snapshots:

  turbo-darwin-64@2.8.12-canary.1:
    optional: true

  turbo-darwin-arm64@2.8.12-canary.1:
    optional: true

  turbo-linux-64@2.8.12-canary.1:
    optional: true

  turbo-linux-arm64@2.8.12-canary.1:
    optional: true

  turbo-windows-64@2.8.12-canary.1:
    optional: true

  turbo-windows-arm64@2.8.12-canary.1:
    optional: true

  turbo@2.8.12-canary.1:
    optionalDependencies:
      turbo-darwin-64: 2.8.12-canary.1
      turbo-darwin-arm64: 2.8.12-canary.1
      turbo-linux-64: 2.8.12-canary.1
      turbo-linux-arm64: 2.8.12-canary.1
      turbo-windows-64: 2.8.12-canary.1
      turbo-windows-arm64: 2.8.12-canary.1

  uuid@11.1.0: {}
